
Microsoft Visual Studio Solution File, Format Version 12.00
# Visual Studio Version 17
VisualStudioVersion = 17.5.002.0
MinimumVisualStudioVersion = 10.0.40219.1
Project("{9A19103F-16F7-4668-BE54-9A1E7A4F7556}") = "feedback", "feedback.csproj", "{55AE8D8A-16F3-4791-B41E-15C7AC4DDEA4}"
EndProject
Global
	GlobalSection(SolutionConfigurationPlatforms) = preSolution
		Debug|Any CPU = Debug|Any CPU
		Release|Any CPU = Release|Any CPU
	EndGlobalSection
	GlobalSection(ProjectConfigurationPlatforms) = postSolution
		{55AE8D8A-16F3-4791-B41E-15C7AC4DDEA4}.Debug|Any CPU.ActiveCfg = Debug|Any CPU
		{55AE8D8A-16F3-4791-B41E-15C7AC4DDEA4}.Debug|Any CPU.Build.0 = Debug|Any CPU
		{55AE8D8A-16F3-4791-B41E-15C7AC4DDEA4}.Release|Any CPU.ActiveCfg = Release|Any CPU
		{55AE8D8A-16F3-4791-B41E-15C7AC4DDEA4}.Release|Any CPU.Build.0 = Release|Any CPU
	EndGlobalSection
	GlobalSection(SolutionProperties) = preSolution
		HideSolutionNode = FALSE
	EndGlobalSection
	GlobalSection(ExtensibilityGlobals) = postSolution
		SolutionGuid = {B2F76723-CD18-4F91-BBAD-4B819EC860E6}
	EndGlobalSection
EndGlobal
